<?xml version="1.0" encoding="utf-8"?>
<Project ToolsVersion="4.0" xmlns="http://schemas.microsoft.com/developer/msbuild/2003">
  <ItemGroup>
    <Filter Include="源文件">
      <UniqueIdentifier>{4FC737F1-C7A5-4376-A066-2A32D752A2FF}</UniqueIdentifier>
      <Extensions>cpp;c;cc;cxx;def;odl;idl;hpj;bat;asm;asmx</Extensions>
    </Filter>
    <Filter Include="头文件">
      <UniqueIdentifier>{93995380-89BD-4b04-88EB-625FBE52EBFB}</UniqueIdentifier>
      <Extensions>h;hh;hpp;hxx;hm;inl;inc;ipp;xsd</Extensions>
    </Filter>
    <Filter Include="资源文件">
      <UniqueIdentifier>{67DA6AB6-F800-4c08-8B7A-83BB121AAD01}</UniqueIdentifier>
      <Extensions>rc;ico;cur;bmp;dlg;rc2;rct;bin;rgs;gif;jpg;jpeg;jpe;resx;tiff;tif;png;wav;mfcribbon-ms</Extensions>
    </Filter>
    <Filter Include="inputfiles">
      <UniqueIdentifier>{70f0307f-1f72-4c3b-a5b8-2f59509b76d4}</UniqueIdentifier>
    </Filter>
    <Filter Include="outputfiles">
      <UniqueIdentifier>{b678a25e-dc91-4a3e-88e9-1dadb7b8231c}</UniqueIdentifier>
    </Filter>
  </ItemGroup>
  <ItemGroup>
    <ClInclude Include="definition.h">
      <Filter>头文件</Filter>
    </ClInclude>
  </ItemGroup>
  <ItemGroup>
    <ResourceCompile Include="HW1.rc">
      <Filter>资源文件</Filter>
    </ResourceCompile>
  </ItemGroup>
  <ItemGroup>
    <Text Include="input1.txt">
      <Filter>inputfiles</Filter>
    </Text>
    <Text Include="input2.txt">
      <Filter>inputfiles</Filter>
    </Text>
    <Text Include="input3.txt">
      <Filter>inputfiles</Filter>
    </Text>
    <Text Include="input4.txt">
      <Filter>inputfiles</Filter>
    </Text>
    <Text Include="input5.txt">
      <Filter>inputfiles</Filter>
    </Text>
    <Text Include="input6.txt">
      <Filter>inputfiles</Filter>
    </Text>
    <Text Include="input7.txt">
      <Filter>inputfiles</Filter>
    </Text>
    <Text Include="input_circle.txt">
      <Filter>inputfiles</Filter>
    </Text>
    <Text Include="input_circle2.txt">
      <Filter>inputfiles</Filter>
    </Text>
    <Text Include="input8.txt">
      <Filter>inputfiles</Filter>
    </Text>
    <Text Include="astar1.txt">
      <Filter>inputfiles</Filter>
    </Text>
    <Text Include="input9.txt">
      <Filter>inputfiles</Filter>
    </Text>
    <Text Include="input10.txt">
      <Filter>inputfiles</Filter>
    </Text>
    <Text Include="input11.txt">
      <Filter>inputfiles</Filter>
    </Text>
    <Text Include="test_map.txt">
      <Filter>inputfiles</Filter>
    </Text>
    <Text Include="output_astar.txt">
      <Filter>outputfiles</Filter>
    </Text>
    <Text Include="output_ucs.txt">
      <Filter>outputfiles</Filter>
    </Text>
    <Text Include="inputbfs1.txt">
      <Filter>inputfiles</Filter>
    </Text>
    <Text Include="output_bfs.txt">
      <Filter>outputfiles</Filter>
    </Text>
    <Text Include="inputbfs2.txt">
      <Filter>inputfiles</Filter>
    </Text>
    <Text Include="output.txt">
      <Filter>outputfiles</Filter>
    </Text>
    <Text Include="input.txt">
      <Filter>inputfiles</Filter>
    </Text>
  </ItemGroup>
  <ItemGroup>
    <ClCompile Include="homework11.cpp">
      <Filter>源文件</Filter>
    </ClCompile>
  </ItemGroup>
</Project>